// !$*UTF8*$!
{
	archiveVersion = 1;
	classes = {
	};
	objectVersion = 46;
	objects = {

/* Begin PBXBuildFile section */
		F79CBF5F1E9CB0A3002ABF86 /* AppDelegate.swift in Sources */ = {isa = PBXBuildFile; fileRef = F79CBF5E1E9CB0A3002ABF86 /* AppDelegate.swift */; };
		F79CBF611E9CB0A3002ABF86 /* ViewController.swift in Sources */ = {isa = PBXBuildFile; fileRef = F79CBF601E9CB0A3002ABF86 /* ViewController.swift */; };
		F79CBF641E9CB0A3002ABF86 /* Main.storyboard in Resources */ = {isa = PBXBuildFile; fileRef = F79CBF621E9CB0A3002ABF86 /* Main.storyboard */; };
		F79CBF661E9CB0A3002ABF86 /* Assets.xcassets in Resources */ = {isa = PBXBuildFile; fileRef = F79CBF651E9CB0A3002ABF86 /* Assets.xcassets */; };
		F79CBF691E9CB0A3002ABF86 /* LaunchScreen.storyboard in Resources */ = {isa = PBXBuildFile; fileRef = F79CBF671E9CB0A3002ABF86 /* LaunchScreen.storyboard */; };
		F79CBF711E9CB144002ABF86 /* Conductor.swift in Sources */ = {isa = PBXBuildFile; fileRef = F79CBF701E9CB144002ABF86 /* Conductor.swift */; };
		F79CBF731E9CB185002ABF86 /* Sounds in Resources */ = {isa = PBXBuildFile; fileRef = F79CBF721E9CB185002ABF86 /* Sounds */; };
		F79CBF751E9CB2DE002ABF86 /* AudioKit.framework in Frameworks */ = {isa = PBXBuildFile; fileRef = F79CBF741E9CB2DE002ABF86 /* AudioKit.framework */; };
		F79CBF761E9CB2DE002ABF86 /* AudioKit.framework in Embed Frameworks */ = {isa = PBXBuildFile; fileRef = F79CBF741E9CB2DE002ABF86 /* AudioKit.framework */; settings = {ATTRIBUTES = (CodeSignOnCopy, RemoveHeadersOnCopy, ); }; };
/* End PBXBuildFile section */

/* Begin PBXCopyFilesBuildPhase section */
		F79CBF771E9CB2DE002ABF86 /* Embed Frameworks */ = {
			isa = PBXCopyFilesBuildPhase;
			buildActionMask = 2147483647;
			dstPath = "";
			dstSubfolderSpec = 10;
			files = (
				F79CBF761E9CB2DE002ABF86 /* AudioKit.framework in Embed Frameworks */,
			);
			name = "Embed Frameworks";
			runOnlyForDeploymentPostprocessing = 0;
		};
/* End PBXCopyFilesBuildPhase section */

/* Begin PBXFileReference section */
		F79CBF5B1E9CB0A3002ABF86 /* AudioKit-Sampler.app */ = {isa = PBXFileReference; explicitFileType = wrapper.application; includeInIndex = 0; path = "AudioKit-Sampler.app"; sourceTree = BUILT_PRODUCTS_DIR; };
		F79CBF5E1E9CB0A3002ABF86 /* AppDelegate.swift */ = {isa = PBXFileReference; lastKnownFileType = sourcecode.swift; path = AppDelegate.swift; sourceTree = "<group>"; };
		F79CBF601E9CB0A3002ABF86 /* ViewController.swift */ = {isa = PBXFileReference; lastKnownFileType = sourcecode.swift; path = ViewController.swift; sourceTree = "<group>"; };
		F79CBF631E9CB0A3002ABF86 /* Base */ = {isa = PBXFileReference; lastKnownFileType = file.storyboard; name = Base; path = Base.lproj/Main.storyboard; sourceTree = "<group>"; };
		F79CBF651E9CB0A3002ABF86 /* Assets.xcassets */ = {isa = PBXFileReference; lastKnownFileType = folder.assetcatalog; path = Assets.xcassets; sourceTree = "<group>"; };
		F79CBF681E9CB0A3002ABF86 /* Base */ = {isa = PBXFileReference; lastKnownFileType = file.storyboard; name = Base; path = Base.lproj/LaunchScreen.storyboard; sourceTree = "<group>"; };
		F79CBF6A1E9CB0A3002ABF86 /* Info.plist */ = {isa = PBXFileReference; lastKnownFileType = text.plist.xml; path = Info.plist; sourceTree = "<group>"; };
		F79CBF701E9CB144002ABF86 /* Conductor.swift */ = {isa = PBXFileReference; fileEncoding = 4; lastKnownFileType = sourcecode.swift; path = Conductor.swift; sourceTree = "<group>"; };
		F79CBF721E9CB185002ABF86 /* Sounds */ = {isa = PBXFileReference; lastKnownFileType = folder; path = Sounds; sourceTree = "<group>"; };
		F79CBF741E9CB2DE002ABF86 /* AudioKit.framework */ = {isa = PBXFileReference; lastKnownFileType = wrapper.framework; name = AudioKit.framework; path = ../Carthage/Build/iOS/AudioKit.framework; sourceTree = "<group>"; };
/* End PBXFileReference section */

/* Begin PBXFrameworksBuildPhase section */
		F79CBF581E9CB0A3002ABF86 /* Frameworks */ = {
			isa = PBXFrameworksBuildPhase;
			buildActionMask = 2147483647;
			files = (
				F79CBF751E9CB2DE002ABF86 /* AudioKit.framework in Frameworks */,
			);
			runOnlyForDeploymentPostprocessing = 0;
		};
/* End PBXFrameworksBuildPhase section */

/* Begin PBXGroup section */
		F79CBF521E9CB0A3002ABF86 = {
			isa = PBXGroup;
			children = (
				F79CBF5D1E9CB0A3002ABF86 /* AudioKit-Sampler */,
				F79CBF5C1E9CB0A3002ABF86 /* Products */,
			);
			sourceTree = "<group>";
		};
		F79CBF5C1E9CB0A3002ABF86 /* Products */ = {
			isa = PBXGroup;
			children = (
				F79CBF5B1E9CB0A3002ABF86 /* AudioKit-Sampler.app */,
			);
			name = Products;
			sourceTree = "<group>";
		};
		F79CBF5D1E9CB0A3002ABF86 /* AudioKit-Sampler */ = {
			isa = PBXGroup;
			children = (
				F79CBF5E1E9CB0A3002ABF86 /* AppDelegate.swift */,
				F79CBF601E9CB0A3002ABF86 /* ViewController.swift */,
				F79CBF701E9CB144002ABF86 /* Conductor.swift */,
				F79CBF621E9CB0A3002ABF86 /* Main.storyboard */,
				F79CBF721E9CB185002ABF86 /* Sounds */,
				F79CBF651E9CB0A3002ABF86 /* Assets.xcassets */,
				F79CBF671E9CB0A3002ABF86 /* LaunchScreen.storyboard */,
				F79CBF6A1E9CB0A3002ABF86 /* Info.plist */,
				F79CBF781E9CB2EA002ABF86 /* Frameworks */,
			);
			path = "AudioKit-Sampler";
			sourceTree = "<group>";
		};
		F79CBF781E9CB2EA002ABF86 /* Frameworks */ = {
			isa = PBXGroup;
			children = (
				F79CBF741E9CB2DE002ABF86 /* AudioKit.framework */,
			);
			name = Frameworks;
			sourceTree = "<group>";
		};
/* End PBXGroup section */

/* Begin PBXNativeTarget section */
		F79CBF5A1E9CB0A3002ABF86 /* AudioKit-Sampler */ = {
			isa = PBXNativeTarget;
			buildConfigurationList = F79CBF6D1E9CB0A3002ABF86 /* Build configuration list for PBXNativeTarget "AudioKit-Sampler" */;
			buildPhases = (
				F79CBF571E9CB0A3002ABF86 /* Sources */,
				F79CBF581E9CB0A3002ABF86 /* Frameworks */,
				F79CBF591E9CB0A3002ABF86 /* Resources */,
				F79CBF771E9CB2DE002ABF86 /* Embed Frameworks */,
			);
			buildRules = (
			);
			dependencies = (
			);
			name = "AudioKit-Sampler";
			productName = "AudioKit-Sampler";
			productReference = F79CBF5B1E9CB0A3002ABF86 /* AudioKit-Sampler.app */;
			productType = "com.apple.product-type.application";
		};
/* End PBXNativeTarget section */

/* Begin PBXProject section */
		F79CBF531E9CB0A3002ABF86 /* Project object */ = {
			isa = PBXProject;
			attributes = {
				LastSwiftUpdateCheck = 0830;
				LastUpgradeCheck = 0830;
				ORGANIZATIONNAME = "Mark Jeschke";
				TargetAttributes = {
					F79CBF5A1E9CB0A3002ABF86 = {
						CreatedOnToolsVersion = 8.3;
						ProvisioningStyle = Automatic;
					};
				};
			};
			buildConfigurationList = F79CBF561E9CB0A3002ABF86 /* Build configuration list for PBXProject "AudioKit-Sampler" */;
			compatibilityVersion = "Xcode 3.2";
			developmentRegion = English;
			hasScannedForEncodings = 0;
			knownRegions = (
				en,
				Base,
			);
			mainGroup = F79CBF521E9CB0A3002ABF86;
			productRefGroup = F79CBF5C1E9CB0A3002ABF86 /* Products */;
			projectDirPath = "";
			projectRoot = "";
			targets = (
				F79CBF5A1E9CB0A3002ABF86 /* AudioKit-Sampler */,
			);
		};
/* End PBXProject section */

/* Begin PBXResourcesBuildPhase section */
		F79CBF591E9CB0A3002ABF86 /* Resources */ = {
			isa = PBXResourcesBuildPhase;
			buildActionMask = 2147483647;
			files = (
				F79CBF691E9CB0A3002ABF86 /* LaunchScreen.storyboard in Resources */,
				F79CBF661E9CB0A3002ABF86 /* Assets.xcassets in Resources */,
				F79CBF731E9CB185002ABF86 /* Sounds in Resources */,
				F79CBF641E9CB0A3002ABF86 /* Main.storyboard in Resources */,
			);
			runOnlyForDeploymentPostprocessing = 0;
		};
/* End PBXResourcesBuildPhase section */

/* Begin PBXSourcesBuildPhase section */
		F79CBF571E9CB0A3002ABF86 /* Sources */ = {
			isa = PBXSourcesBuildPhase;
			buildActionMask = 2147483647;
			files = (
				F79CBF711E9CB144002ABF86 /* Conductor.swift in Sources */,
				F79CBF611E9CB0A3002ABF86 /* ViewController.swift in Sources */,
				F79CBF5F1E9CB0A3002ABF86 /* AppDelegate.swift in Sources */,
			);
			runOnlyForDeploymentPostprocessing = 0;
		};
/* End PBXSourcesBuildPhase section */

/* Begin PBXVariantGroup section */
		F79CBF621E9CB0A3002ABF86 /* Main.storyboard */ = {
			isa = PBXVariantGroup;
			children = (
				F79CBF631E9CB0A3002ABF86 /* Base */,
			);
			name = Main.storyboard;
			sourceTree = "<group>";
		};
		F79CBF671E9CB0A3002ABF86 /* LaunchScreen.storyboard */ = {
			isa = PBXVariantGroup;
			children = (
				F79CBF681E9CB0A3002ABF86 /* Base */,
			);
			name = LaunchScreen.storyboard;
			sourceTree = "<group>";
		};
/* End PBXVariantGroup section */

/* Begin XCBuildConfiguration section */
		F79CBF6B1E9CB0A3002ABF86 /* Debug */ = {
			isa = XCBuildConfiguration;
			buildSettings = {
				ALWAYS_SEARCH_USER_PATHS = NO;
				CLANG_ANALYZER_NONNULL = YES;
				CLANG_ANALYZER_NUMBER_OBJECT_CONVERSION = YES_AGGRESSIVE;
				CLANG_CXX_LANGUAGE_STANDARD = "gnu++0x";
				CLANG_CXX_LIBRARY = "libc++";
				CLANG_ENABLE_MODULES = YES;
				CLANG_ENABLE_OBJC_ARC = YES;
				CLANG_WARN_BOOL_CONVERSION = YES;
				CLANG_WARN_CONSTANT_CONVERSION = YES;
				CLANG_WARN_DIRECT_OBJC_ISA_USAGE = YES_ERROR;
				CLANG_WARN_DOCUMENTATION_COMMENTS = YES;
				CLANG_WARN_EMPTY_BODY = YES;
				CLANG_WARN_ENUM_CONVERSION = YES;
				CLANG_WARN_INFINITE_RECURSION = YES;
				CLANG_WARN_INT_CONVERSION = YES;
				CLANG_WARN_OBJC_ROOT_CLASS = YES_ERROR;
				CLANG_WARN_SUSPICIOUS_MOVE = YES;
				CLANG_WARN_UNREACHABLE_CODE = YES;
				CLANG_WARN__DUPLICATE_METHOD_MATCH = YES;
				"CODE_SIGN_IDENTITY[sdk=iphoneos*]" = "iPhone Developer";
				COPY_PHASE_STRIP = NO;
				DEBUG_INFORMATION_FORMAT = dwarf;
				ENABLE_STRICT_OBJC_MSGSEND = YES;
				ENABLE_TESTABILITY = YES;
				GCC_C_LANGUAGE_STANDARD = gnu99;
				GCC_DYNAMIC_NO_PIC = NO;
				GCC_NO_COMMON_BLOCKS = YES;
				GCC_OPTIMIZATION_LEVEL = 0;
				GCC_PREPROCESSOR_DEFINITIONS = (
					"DEBUG=1",
					"$(inherited)",
				);
				GCC_WARN_64_TO_32_BIT_CONVERSION = YES;
				GCC_WARN_ABOUT_RETURN_TYPE = YES_ERROR;
				GCC_WARN_UNDECLARED_SELECTOR = YES;
				GCC_WARN_UNINITIALIZED_AUTOS = YES_AGGRESSIVE;
				GCC_WARN_UNUSED_FUNCTION = YES;
				GCC_WARN_UNUSED_VARIABLE = YES;
				IPHONEOS_DEPLOYMENT_TARGET = 10.3;
				MTL_ENABLE_DEBUG_INFO = YES;
				ONLY_ACTIVE_ARCH = YES;
				SDKROOT = iphoneos;
				SWIFT_ACTIVE_COMPILATION_CONDITIONS = DEBUG;
				SWIFT_OPTIMIZATION_LEVEL = "-Onone";
			};
			name = Debug;
		};
		F79CBF6C1E9CB0A3002ABF86 /* Release */ = {
			isa = XCBuildConfiguration;
			buildSettings = {
				ALWAYS_SEARCH_USER_PATHS = NO;
				CLANG_ANALYZER_NONNULL = YES;
				CLANG_ANALYZER_NUMBER_OBJECT_CONVERSION = YES_AGGRESSIVE;
				CLANG_CXX_LANGUAGE_STANDARD = "gnu++0x";
				CLANG_CXX_LIBRARY = "libc++";
				CLANG_ENABLE_MODULES = YES;
				CLANG_ENABLE_OBJC_ARC = YES;
				CLANG_WARN_BOOL_CONVERSION = YES;
				CLANG_WARN_CONSTANT_CONVERSION = YES;
				CLANG_WARN_DIRECT_OBJC_ISA_USAGE = YES_ERROR;
				CLANG_WARN_DOCUMENTATION_COMMENTS = YES;
				CLANG_WARN_EMPTY_BODY = YES;
				CLANG_WARN_ENUM_CONVERSION = YES;
				CLANG_WARN_INFINITE_RECURSION = YES;
				CLANG_WARN_INT_CONVERSION = YES;
				CLANG_WARN_OBJC_ROOT_CLASS = YES_ERROR;
				CLANG_WARN_SUSPICIOUS_MOVE = YES;
				CLANG_WARN_UNREACHABLE_CODE = YES;
				CLANG_WARN__DUPLICATE_METHOD_MATCH = YES;
				"CODE_SIGN_IDENTITY[sdk=iphoneos*]" = "iPhone Developer";
				COPY_PHASE_STRIP = NO;
				DEBUG_INFORMATION_FORMAT = "dwarf-with-dsym";
				ENABLE_NS_ASSERTIONS = NO;
				ENABLE_STRICT_OBJC_MSGSEND = YES;
				GCC_C_LANGUAGE_STANDARD = gnu99;
				GCC_NO_COMMON_BLOCKS = YES;
				GCC_WARN_64_TO_32_BIT_CONVERSION = YES;
				GCC_WARN_ABOUT_RETURN_TYPE = YES_ERROR;
				GCC_WARN_UNDECLARED_SELECTOR = YES;
				GCC_WARN_UNINITIALIZED_AUTOS = YES_AGGRESSIVE;
				GCC_WARN_UNUSED_FUNCTION = YES;
				GCC_WARN_UNUSED_VARIABLE = YES;
				IPHONEOS_DEPLOYMENT_TARGET = 10.3;
				MTL_ENABLE_DEBUG_INFO = NO;
				SDKROOT = iphoneos;
				SWIFT_OPTIMIZATION_LEVEL = "-Owholemodule";
				VALIDATE_PRODUCT = YES;
			};
			name = Release;
		};
		F79CBF6E1E9CB0A3002ABF86 /* Debug */ = {
			isa = XCBuildConfiguration;
			buildSettings = {
				ASSETCATALOG_COMPILER_APPICON_NAME = AppIcon;
				"CODE_SIGN_IDENTITY[sdk=iphoneos*]" = "iPhone Developer";
				DEVELOPMENT_TEAM = "";
				FRAMEWORK_SEARCH_PATHS = (
					"$(inherited)",
					"$(PROJECT_DIR)/Carthage/Build/iOS",
				);
				INFOPLIST_FILE = "AudioKit-Sampler/Info.plist";
				LD_RUNPATH_SEARCH_PATHS = "$(inherited) @executable_path/Frameworks";
				PRODUCT_BUNDLE_IDENTIFIER = "com.oogamedia.AudioKit-Sampler";
				PRODUCT_NAME = "$(TARGET_NAME)";
				PROVISIONING_PROFILE_SPECIFIER = "";
				SWIFT_VERSION = 3.0;
				TARGETED_DEVICE_FAMILY = "1,2";
			};
			name = Debug;
		};
		F79CBF6F1E9CB0A3002ABF86 /* Release */ = {
			isa = XCBuildConfiguration;
			buildSettings = {
				ASSETCATALOG_COMPILER_APPICON_NAME = AppIcon;
				"CODE_SIGN_IDENTITY[sdk=iphoneos*]" = "iPhone Developer";
				DEVELOPMENT_TEAM = "";
				FRAMEWORK_SEARCH_PATHS = (
					"$(inherited)",
					"$(PROJECT_DIR)/Carthage/Build/iOS",
				);
				INFOPLIST_FILE = "AudioKit-Sampler/Info.plist";
				LD_RUNPATH_SEARCH_PATHS = "$(inherited) @executable_path/Frameworks";
				PRODUCT_BUNDLE_IDENTIFIER = "com.oogamedia.AudioKit-Sampler";
				PRODUCT_NAME = "$(TARGET_NAME)";
				PROVISIONING_PROFILE_SPECIFIER = "";
				SWIFT_VERSION = 3.0;
				TARGETED_DEVICE_FAMILY = "1,2";
			};
			name = Release;
		};
/* End XCBuildConfiguration section */

/* Begin XCConfigurationList section */
		F79CBF561E9CB0A3002ABF86 /* Build configuration list for PBXProject "AudioKit-Sampler" */ = {
			isa = XCConfigurationList;
			buildConfigurations = (
				F79CBF6B1E9CB0A3002ABF86 /* Debug */,
				F79CBF6C1E9CB0A3002ABF86 /* Release */,
			);
			defaultConfigurationIsVisible = 0;
			defaultConfigurationName = Release;
		};
		F79CBF6D1E9CB0A3002ABF86 /* Build configuration list for PBXNativeTarget "AudioKit-Sampler" */ = {
			isa = XCConfigurationList;
			buildConfigurations = (
				F79CBF6E1E9CB0A3002ABF86 /* Debug */,
				F79CBF6F1E9CB0A3002ABF86 /* Release */,
			);
			defaultConfigurationIsVisible = 0;
			defaultConfigurationName = Release;
		};
/* End XCConfigurationList section */
	};
	rootObject = F79CBF531E9CB0A3002ABF86 /* Project object */;
}
